
Microsoft Visual Studio Solution File, Format Version 12.00
# Visual Studio Version 16
VisualStudioVersion = 16.0.30204.135
MinimumVisualStudioVersion = 10.0.40219.1
Project("{FAE04EC0-301F-11D3-BF4B-00C04F79EFBC}") = "Potanin_A_S_Lab5_video", "Potanin_A_S_Lab5_video\Potanin_A_S_Lab5_video.csproj", "{CBFF3AC8-0CC5-433A-B899-322DDE40BF47}"
EndProject
Global
	GlobalSection(SolutionConfigurationPlatforms) = preSolution
		Debug|Any CPU = Debug|Any CPU
		Debug|x64 = Debug|x64
		Release|Any CPU = Release|Any CPU
		Release|x64 = Release|x64
	EndGlobalSection
	GlobalSection(ProjectConfigurationPlatforms) = postSolution
		{CBFF3AC8-0CC5-433A-B899-322DDE40BF47}.Debug|Any CPU.ActiveCfg = Debug|Any CPU
		{CBFF3AC8-0CC5-433A-B899-322DDE40BF47}.Debug|Any CPU.Build.0 = Debug|Any CPU
		{CBFF3AC8-0CC5-433A-B899-322DDE40BF47}.Debug|x64.ActiveCfg = Debug|x64
		{CBFF3AC8-0CC5-433A-B899-322DDE40BF47}.Debug|x64.Build.0 = Debug|x64
		{CBFF3AC8-0CC5-433A-B899-322DDE40BF47}.Release|Any CPU.ActiveCfg = Release|Any CPU
		{CBFF3AC8-0CC5-433A-B899-322DDE40BF47}.Release|Any CPU.Build.0 = Release|Any CPU
		{CBFF3AC8-0CC5-433A-B899-322DDE40BF47}.Release|x64.ActiveCfg = Release|x64
		{CBFF3AC8-0CC5-433A-B899-322DDE40BF47}.Release|x64.Build.0 = Release|x64
	EndGlobalSection
	GlobalSection(SolutionProperties) = preSolution
		HideSolutionNode = FALSE
	EndGlobalSection
	GlobalSection(ExtensibilityGlobals) = postSolution
		SolutionGuid = {9F9DB2F8-B4E2-436D-9E88-5543E656A495}
	EndGlobalSection
EndGlobal
